
Microsoft Visual Studio Solution File, Format Version 12.00
# Visual Studio Version 17
VisualStudioVersion = 17.6.33815.320
MinimumVisualStudioVersion = 10.0.40219.1
Project("{FAE04EC0-301F-11D3-BF4B-00C04F79EFBC}") = "AssessmentTwo", "AssessmentTwo.csproj", "{5A0029F5-EE73-43A7-9A39-0E042F7D308E}"
EndProject
Global
	GlobalSection(SolutionConfigurationPlatforms) = preSolution
		Debug|Any CPU = Debug|Any CPU
		Release|Any CPU = Release|Any CPU
	EndGlobalSection
	GlobalSection(ProjectConfigurationPlatforms) = postSolution
		{5A0029F5-EE73-43A7-9A39-0E042F7D308E}.Debug|Any CPU.ActiveCfg = Debug|Any CPU
		{5A0029F5-EE73-43A7-9A39-0E042F7D308E}.Debug|Any CPU.Build.0 = Debug|Any CPU
		{5A0029F5-EE73-43A7-9A39-0E042F7D308E}.Release|Any CPU.ActiveCfg = Release|Any CPU
		{5A0029F5-EE73-43A7-9A39-0E042F7D308E}.Release|Any CPU.Build.0 = Release|Any CPU
	EndGlobalSection
	GlobalSection(SolutionProperties) = preSolution
		HideSolutionNode = FALSE
	EndGlobalSection
	GlobalSection(ExtensibilityGlobals) = postSolution
		SolutionGuid = {8B267685-1A78-4913-8233-D6E5ACB16248}
	EndGlobalSection
EndGlobal
